{
  "name": "src",
  "lockfileVersion": 3,
  "requires": true,
  "packages": {
    "": {
      "dependencies": {
        "app-root-path": "^3.1.0",
        "approot": "^0.2.1"
      }
    },
    "node_modules/app-root-path": {
      "version": "3.1.0",
      "resolved": "https://registry.npmjs.org/app-root-path/-/app-root-path-3.1.0.tgz",
      "integrity": "sha512-biN3PwB2gUtjaYy/isrU3aNWI5w+fAfvHkSvCKeQGxhmYpwKFUxudR3Yya+KqVRHBmEDYh+/lTozYCFbmzX4nA==",
      "license": "MIT",
      "engines": {
        "node": ">= 6.0.0"
      }
    },
    "node_modules/approot": {
      "version": "0.2.1",
      "resolved": "https://registry.npmjs.org/approot/-/approot-0.2.1.tgz",
      "integrity": "sha512-MVZxycuPzDoY/LfqbmLiSPL4HJaI9auz4fsnSdAyuhoqbPAWVicCgEWXLd859gsV5z55bAfPJvCaIewX3Ra1Tg==",
      "license": "MIT"
    }
  }
}
